// !$*UTF8*$!
{
	archiveVersion = 1;
	classes = {
	};
	objectVersion = 56;
	objects = {

/* Begin PBXBuildFile section */
		FA1E01CC2B5D13B600D6906A /* ExchangerList.swift in Sources */ = {isa = PBXBuildFile; fileRef = FA1E01CB2B5D13B600D6906A /* ExchangerList.swift */; };
		FA342F422B5C111F00FFC70A /* CurrencyHubApp.swift in Sources */ = {isa = PBXBuildFile; fileRef = FA342F412B5C111F00FFC70A /* CurrencyHubApp.swift */; };
		FA342F442B5C111F00FFC70A /* ContentView.swift in Sources */ = {isa = PBXBuildFile; fileRef = FA342F432B5C111F00FFC70A /* ContentView.swift */; };
		FA342F462B5C112000FFC70A /* Assets.xcassets in Resources */ = {isa = PBXBuildFile; fileRef = FA342F452B5C112000FFC70A /* Assets.xcassets */; };
		FA342F492B5C112000FFC70A /* Preview Assets.xcassets in Resources */ = {isa = PBXBuildFile; fileRef = FA342F482B5C112000FFC70A /* Preview Assets.xcassets */; };
		FA342F552B5C11EF00FFC70A /* MapView.swift in Sources */ = {isa = PBXBuildFile; fileRef = FA342F542B5C11EF00FFC70A /* MapView.swift */; };
		FA342F572B5C11FA00FFC70A /* About.swift in Sources */ = {isa = PBXBuildFile; fileRef = FA342F562B5C11FA00FFC70A /* About.swift */; };
		FA342F5B2B5C178F00FFC70A /* LocationViewModel.swift in Sources */ = {isa = PBXBuildFile; fileRef = FA342F5A2B5C178F00FFC70A /* LocationViewModel.swift */; };
		FA342F5D2B5C1DA700FFC70A /* ExchangerViewModel.swift in Sources */ = {isa = PBXBuildFile; fileRef = FA342F5C2B5C1DA700FFC70A /* ExchangerViewModel.swift */; };
		FA342F5F2B5C1DC000FFC70A /* ExchangerJSON.swift in Sources */ = {isa = PBXBuildFile; fileRef = FA342F5E2B5C1DC000FFC70A /* ExchangerJSON.swift */; };
		FA342F622B5C1E2800FFC70A /* SwiftSoup in Frameworks */ = {isa = PBXBuildFile; productRef = FA342F612B5C1E2800FFC70A /* SwiftSoup */; };
		FA342F642B5C2A9B00FFC70A /* Exchanger.swift in Sources */ = {isa = PBXBuildFile; fileRef = FA342F632B5C2A9B00FFC70A /* Exchanger.swift */; };
		FA342F662B5C358500FFC70A /* MapStylePicker.swift in Sources */ = {isa = PBXBuildFile; fileRef = FA342F652B5C358500FFC70A /* MapStylePicker.swift */; };
		FA3543672B5E6D1A000DC73D /* DetailView.swift in Sources */ = {isa = PBXBuildFile; fileRef = FA3543662B5E6D1A000DC73D /* DetailView.swift */; };
		FA875A762B614F4300953F36 /* SortSettings.swift in Sources */ = {isa = PBXBuildFile; fileRef = FA875A752B614F4300953F36 /* SortSettings.swift */; };
/* End PBXBuildFile section */

/* Begin PBXFileReference section */
		FA1E01CB2B5D13B600D6906A /* ExchangerList.swift */ = {isa = PBXFileReference; lastKnownFileType = sourcecode.swift; path = ExchangerList.swift; sourceTree = "<group>"; };
		FA342F3E2B5C111F00FFC70A /* CurrencyHub.app */ = {isa = PBXFileReference; explicitFileType = wrapper.application; includeInIndex = 0; path = CurrencyHub.app; sourceTree = BUILT_PRODUCTS_DIR; };
		FA342F412B5C111F00FFC70A /* CurrencyHubApp.swift */ = {isa = PBXFileReference; lastKnownFileType = sourcecode.swift; path = CurrencyHubApp.swift; sourceTree = "<group>"; };
		FA342F432B5C111F00FFC70A /* ContentView.swift */ = {isa = PBXFileReference; lastKnownFileType = sourcecode.swift; path = ContentView.swift; sourceTree = "<group>"; };
		FA342F452B5C112000FFC70A /* Assets.xcassets */ = {isa = PBXFileReference; lastKnownFileType = folder.assetcatalog; path = Assets.xcassets; sourceTree = "<group>"; };
		FA342F482B5C112000FFC70A /* Preview Assets.xcassets */ = {isa = PBXFileReference; lastKnownFileType = folder.assetcatalog; path = "Preview Assets.xcassets"; sourceTree = "<group>"; };
		FA342F542B5C11EF00FFC70A /* MapView.swift */ = {isa = PBXFileReference; lastKnownFileType = sourcecode.swift; path = MapView.swift; sourceTree = "<group>"; };
		FA342F562B5C11FA00FFC70A /* About.swift */ = {isa = PBXFileReference; lastKnownFileType = sourcecode.swift; path = About.swift; sourceTree = "<group>"; };
		FA342F5A2B5C178F00FFC70A /* LocationViewModel.swift */ = {isa = PBXFileReference; lastKnownFileType = sourcecode.swift; path = LocationViewModel.swift; sourceTree = "<group>"; };
		FA342F5C2B5C1DA700FFC70A /* ExchangerViewModel.swift */ = {isa = PBXFileReference; lastKnownFileType = sourcecode.swift; path = ExchangerViewModel.swift; sourceTree = "<group>"; };
		FA342F5E2B5C1DC000FFC70A /* ExchangerJSON.swift */ = {isa = PBXFileReference; lastKnownFileType = sourcecode.swift; path = ExchangerJSON.swift; sourceTree = "<group>"; };
		FA342F632B5C2A9B00FFC70A /* Exchanger.swift */ = {isa = PBXFileReference; lastKnownFileType = sourcecode.swift; path = Exchanger.swift; sourceTree = "<group>"; };
		FA342F652B5C358500FFC70A /* MapStylePicker.swift */ = {isa = PBXFileReference; lastKnownFileType = sourcecode.swift; path = MapStylePicker.swift; sourceTree = "<group>"; };
		FA3543662B5E6D1A000DC73D /* DetailView.swift */ = {isa = PBXFileReference; lastKnownFileType = sourcecode.swift; path = DetailView.swift; sourceTree = "<group>"; };
		FA875A752B614F4300953F36 /* SortSettings.swift */ = {isa = PBXFileReference; lastKnownFileType = sourcecode.swift; path = SortSettings.swift; sourceTree = "<group>"; };
/* End PBXFileReference section */

/* Begin PBXFrameworksBuildPhase section */
		FA342F3B2B5C111F00FFC70A /* Frameworks */ = {
			isa = PBXFrameworksBuildPhase;
			buildActionMask = 2147483647;
			files = (
				FA342F622B5C1E2800FFC70A /* SwiftSoup in Frameworks */,
			);
			runOnlyForDeploymentPostprocessing = 0;
		};
/* End PBXFrameworksBuildPhase section */

/* Begin PBXGroup section */
		FA342F352B5C111F00FFC70A = {
			isa = PBXGroup;
			children = (
				FA342F402B5C111F00FFC70A /* CurrencyHub */,
				FA342F3F2B5C111F00FFC70A /* Products */,
			);
			sourceTree = "<group>";
		};
		FA342F3F2B5C111F00FFC70A /* Products */ = {
			isa = PBXGroup;
			children = (
				FA342F3E2B5C111F00FFC70A /* CurrencyHub.app */,
			);
			name = Products;
			sourceTree = "<group>";
		};
		FA342F402B5C111F00FFC70A /* CurrencyHub */ = {
			isa = PBXGroup;
			children = (
				FA875A732B614F3100953F36 /* Helper */,
				FA342F592B5C140600FFC70A /* ViewModel */,
				FA342F582B5C13FC00FFC70A /* Model */,
				FA342F512B5C11D000FFC70A /* Views */,
				FA342F4F2B5C116100FFC70A /* Root */,
				FA342F502B5C116700FFC70A /* App */,
				FA342F452B5C112000FFC70A /* Assets.xcassets */,
				FA342F472B5C112000FFC70A /* Preview Content */,
			);
			path = CurrencyHub;
			sourceTree = "<group>";
		};
		FA342F472B5C112000FFC70A /* Preview Content */ = {
			isa = PBXGroup;
			children = (
				FA342F482B5C112000FFC70A /* Preview Assets.xcassets */,
			);
			path = "Preview Content";
			sourceTree = "<group>";
		};
		FA342F4F2B5C116100FFC70A /* Root */ = {
			isa = PBXGroup;
			children = (
				FA342F432B5C111F00FFC70A /* ContentView.swift */,
			);
			path = Root;
			sourceTree = "<group>";
		};
		FA342F502B5C116700FFC70A /* App */ = {
			isa = PBXGroup;
			children = (
				FA342F412B5C111F00FFC70A /* CurrencyHubApp.swift */,
			);
			path = App;
			sourceTree = "<group>";
		};
		FA342F512B5C11D000FFC70A /* Views */ = {
			isa = PBXGroup;
			children = (
				FA342F532B5C11E000FFC70A /* About */,
				FA342F522B5C11DC00FFC70A /* Main */,
			);
			path = Views;
			sourceTree = "<group>";
		};
		FA342F522B5C11DC00FFC70A /* Main */ = {
			isa = PBXGroup;
			children = (
				FA342F542B5C11EF00FFC70A /* MapView.swift */,
				FA342F652B5C358500FFC70A /* MapStylePicker.swift */,
				FA1E01CB2B5D13B600D6906A /* ExchangerList.swift */,
				FA3543662B5E6D1A000DC73D /* DetailView.swift */,
			);
			path = Main;
			sourceTree = "<group>";
		};
		FA342F532B5C11E000FFC70A /* About */ = {
			isa = PBXGroup;
			children = (
				FA342F562B5C11FA00FFC70A /* About.swift */,
			);
			path = About;
			sourceTree = "<group>";
		};
		FA342F582B5C13FC00FFC70A /* Model */ = {
			isa = PBXGroup;
			children = (
				FA342F5E2B5C1DC000FFC70A /* ExchangerJSON.swift */,
				FA342F632B5C2A9B00FFC70A /* Exchanger.swift */,
			);
			path = Model;
			sourceTree = "<group>";
		};
		FA342F592B5C140600FFC70A /* ViewModel */ = {
			isa = PBXGroup;
			children = (
				FA342F5A2B5C178F00FFC70A /* LocationViewModel.swift */,
				FA342F5C2B5C1DA700FFC70A /* ExchangerViewModel.swift */,
			);
			path = ViewModel;
			sourceTree = "<group>";
		};
		FA875A732B614F3100953F36 /* Helper */ = {
			isa = PBXGroup;
			children = (
				FA875A752B614F4300953F36 /* SortSettings.swift */,
			);
			path = Helper;
			sourceTree = "<group>";
		};
/* End PBXGroup section */

/* Begin PBXNativeTarget section */
		FA342F3D2B5C111F00FFC70A /* CurrencyHub */ = {
			isa = PBXNativeTarget;
			buildConfigurationList = FA342F4C2B5C112000FFC70A /* Build configuration list for PBXNativeTarget "CurrencyHub" */;
			buildPhases = (
				FA342F3A2B5C111F00FFC70A /* Sources */,
				FA342F3B2B5C111F00FFC70A /* Frameworks */,
				FA342F3C2B5C111F00FFC70A /* Resources */,
			);
			buildRules = (
			);
			dependencies = (
			);
			name = CurrencyHub;
			packageProductDependencies = (
				FA342F612B5C1E2800FFC70A /* SwiftSoup */,
			);
			productName = CurrencyHub;
			productReference = FA342F3E2B5C111F00FFC70A /* CurrencyHub.app */;
			productType = "com.apple.product-type.application";
		};
/* End PBXNativeTarget section */

/* Begin PBXProject section */
		FA342F362B5C111F00FFC70A /* Project object */ = {
			isa = PBXProject;
			attributes = {
				BuildIndependentTargetsInParallel = 1;
				LastSwiftUpdateCheck = 1500;
				LastUpgradeCheck = 1500;
				TargetAttributes = {
					FA342F3D2B5C111F00FFC70A = {
						CreatedOnToolsVersion = 15.0.1;
					};
				};
			};
			buildConfigurationList = FA342F392B5C111F00FFC70A /* Build configuration list for PBXProject "CurrencyHub" */;
			compatibilityVersion = "Xcode 14.0";
			developmentRegion = en;
			hasScannedForEncodings = 0;
			knownRegions = (
				en,
				Base,
			);
			mainGroup = FA342F352B5C111F00FFC70A;
			packageReferences = (
				FA342F602B5C1E2800FFC70A /* XCRemoteSwiftPackageReference "SwiftSoup" */,
			);
			productRefGroup = FA342F3F2B5C111F00FFC70A /* Products */;
			projectDirPath = "";
			projectRoot = "";
			targets = (
				FA342F3D2B5C111F00FFC70A /* CurrencyHub */,
			);
		};
/* End PBXProject section */

/* Begin PBXResourcesBuildPhase section */
		FA342F3C2B5C111F00FFC70A /* Resources */ = {
			isa = PBXResourcesBuildPhase;
			buildActionMask = 2147483647;
			files = (
				FA342F492B5C112000FFC70A /* Preview Assets.xcassets in Resources */,
				FA342F462B5C112000FFC70A /* Assets.xcassets in Resources */,
			);
			runOnlyForDeploymentPostprocessing = 0;
		};
/* End PBXResourcesBuildPhase section */

/* Begin PBXSourcesBuildPhase section */
		FA342F3A2B5C111F00FFC70A /* Sources */ = {
			isa = PBXSourcesBuildPhase;
			buildActionMask = 2147483647;
			files = (
				FA342F442B5C111F00FFC70A /* ContentView.swift in Sources */,
				FA342F572B5C11FA00FFC70A /* About.swift in Sources */,
				FA342F5D2B5C1DA700FFC70A /* ExchangerViewModel.swift in Sources */,
				FA1E01CC2B5D13B600D6906A /* ExchangerList.swift in Sources */,
				FA342F662B5C358500FFC70A /* MapStylePicker.swift in Sources */,
				FA3543672B5E6D1A000DC73D /* DetailView.swift in Sources */,
				FA875A762B614F4300953F36 /* SortSettings.swift in Sources */,
				FA342F552B5C11EF00FFC70A /* MapView.swift in Sources */,
				FA342F5F2B5C1DC000FFC70A /* ExchangerJSON.swift in Sources */,
				FA342F5B2B5C178F00FFC70A /* LocationViewModel.swift in Sources */,
				FA342F422B5C111F00FFC70A /* CurrencyHubApp.swift in Sources */,
				FA342F642B5C2A9B00FFC70A /* Exchanger.swift in Sources */,
			);
			runOnlyForDeploymentPostprocessing = 0;
		};
/* End PBXSourcesBuildPhase section */

/* Begin XCBuildConfiguration section */
		FA342F4A2B5C112000FFC70A /* Debug */ = {
			isa = XCBuildConfiguration;
			buildSettings = {
				ALWAYS_SEARCH_USER_PATHS = NO;
				ASSETCATALOG_COMPILER_GENERATE_SWIFT_ASSET_SYMBOL_EXTENSIONS = YES;
				CLANG_ANALYZER_NONNULL = YES;
				CLANG_ANALYZER_NUMBER_OBJECT_CONVERSION = YES_AGGRESSIVE;
				CLANG_CXX_LANGUAGE_STANDARD = "gnu++20";
				CLANG_ENABLE_MODULES = YES;
				CLANG_ENABLE_OBJC_ARC = YES;
				CLANG_ENABLE_OBJC_WEAK = YES;
				CLANG_WARN_BLOCK_CAPTURE_AUTORELEASING = YES;
				CLANG_WARN_BOOL_CONVERSION = YES;
				CLANG_WARN_COMMA = YES;
				CLANG_WARN_CONSTANT_CONVERSION = YES;
				CLANG_WARN_DEPRECATED_OBJC_IMPLEMENTATIONS = YES;
				CLANG_WARN_DIRECT_OBJC_ISA_USAGE = YES_ERROR;
				CLANG_WARN_DOCUMENTATION_COMMENTS = YES;
				CLANG_WARN_EMPTY_BODY = YES;
				CLANG_WARN_ENUM_CONVERSION = YES;
				CLANG_WARN_INFINITE_RECURSION = YES;
				CLANG_WARN_INT_CONVERSION = YES;
				CLANG_WARN_NON_LITERAL_NULL_CONVERSION = YES;
				CLANG_WARN_OBJC_IMPLICIT_RETAIN_SELF = YES;
				CLANG_WARN_OBJC_LITERAL_CONVERSION = YES;
				CLANG_WARN_OBJC_ROOT_CLASS = YES_ERROR;
				CLANG_WARN_QUOTED_INCLUDE_IN_FRAMEWORK_HEADER = YES;
				CLANG_WARN_RANGE_LOOP_ANALYSIS = YES;
				CLANG_WARN_STRICT_PROTOTYPES = YES;
				CLANG_WARN_SUSPICIOUS_MOVE = YES;
				CLANG_WARN_UNGUARDED_AVAILABILITY = YES_AGGRESSIVE;
				CLANG_WARN_UNREACHABLE_CODE = YES;
				CLANG_WARN__DUPLICATE_METHOD_MATCH = YES;
				COPY_PHASE_STRIP = NO;
				DEBUG_INFORMATION_FORMAT = dwarf;
				ENABLE_STRICT_OBJC_MSGSEND = YES;
				ENABLE_TESTABILITY = YES;
				ENABLE_USER_SCRIPT_SANDBOXING = YES;
				GCC_C_LANGUAGE_STANDARD = gnu17;
				GCC_DYNAMIC_NO_PIC = NO;
				GCC_NO_COMMON_BLOCKS = YES;
				GCC_OPTIMIZATION_LEVEL = 0;
				GCC_PREPROCESSOR_DEFINITIONS = (
					"DEBUG=1",
					"$(inherited)",
				);
				GCC_WARN_64_TO_32_BIT_CONVERSION = YES;
				GCC_WARN_ABOUT_RETURN_TYPE = YES_ERROR;
				GCC_WARN_UNDECLARED_SELECTOR = YES;
				GCC_WARN_UNINITIALIZED_AUTOS = YES_AGGRESSIVE;
				GCC_WARN_UNUSED_FUNCTION = YES;
				GCC_WARN_UNUSED_VARIABLE = YES;
				IPHONEOS_DEPLOYMENT_TARGET = 17.0;
				LOCALIZATION_PREFERS_STRING_CATALOGS = YES;
				MTL_ENABLE_DEBUG_INFO = INCLUDE_SOURCE;
				MTL_FAST_MATH = YES;
				ONLY_ACTIVE_ARCH = YES;
				SDKROOT = iphoneos;
				SWIFT_ACTIVE_COMPILATION_CONDITIONS = "DEBUG $(inherited)";
				SWIFT_OPTIMIZATION_LEVEL = "-Onone";
			};
			name = Debug;
		};
		FA342F4B2B5C112000FFC70A /* Release */ = {
			isa = XCBuildConfiguration;
			buildSettings = {
				ALWAYS_SEARCH_USER_PATHS = NO;
				ASSETCATALOG_COMPILER_GENERATE_SWIFT_ASSET_SYMBOL_EXTENSIONS = YES;
				CLANG_ANALYZER_NONNULL = YES;
				CLANG_ANALYZER_NUMBER_OBJECT_CONVERSION = YES_AGGRESSIVE;
				CLANG_CXX_LANGUAGE_STANDARD = "gnu++20";
				CLANG_ENABLE_MODULES = YES;
				CLANG_ENABLE_OBJC_ARC = YES;
				CLANG_ENABLE_OBJC_WEAK = YES;
				CLANG_WARN_BLOCK_CAPTURE_AUTORELEASING = YES;
				CLANG_WARN_BOOL_CONVERSION = YES;
				CLANG_WARN_COMMA = YES;
				CLANG_WARN_CONSTANT_CONVERSION = YES;
				CLANG_WARN_DEPRECATED_OBJC_IMPLEMENTATIONS = YES;
				CLANG_WARN_DIRECT_OBJC_ISA_USAGE = YES_ERROR;
				CLANG_WARN_DOCUMENTATION_COMMENTS = YES;
				CLANG_WARN_EMPTY_BODY = YES;
				CLANG_WARN_ENUM_CONVERSION = YES;
				CLANG_WARN_INFINITE_RECURSION = YES;
				CLANG_WARN_INT_CONVERSION = YES;
				CLANG_WARN_NON_LITERAL_NULL_CONVERSION = YES;
				CLANG_WARN_OBJC_IMPLICIT_RETAIN_SELF = YES;
				CLANG_WARN_OBJC_LITERAL_CONVERSION = YES;
				CLANG_WARN_OBJC_ROOT_CLASS = YES_ERROR;
				CLANG_WARN_QUOTED_INCLUDE_IN_FRAMEWORK_HEADER = YES;
				CLANG_WARN_RANGE_LOOP_ANALYSIS = YES;
				CLANG_WARN_STRICT_PROTOTYPES = YES;
				CLANG_WARN_SUSPICIOUS_MOVE = YES;
				CLANG_WARN_UNGUARDED_AVAILABILITY = YES_AGGRESSIVE;
				CLANG_WARN_UNREACHABLE_CODE = YES;
				CLANG_WARN__DUPLICATE_METHOD_MATCH = YES;
				COPY_PHASE_STRIP = NO;
				DEBUG_INFORMATION_FORMAT = "dwarf-with-dsym";
				ENABLE_NS_ASSERTIONS = NO;
				ENABLE_STRICT_OBJC_MSGSEND = YES;
				ENABLE_USER_SCRIPT_SANDBOXING = YES;
				GCC_C_LANGUAGE_STANDARD = gnu17;
				GCC_NO_COMMON_BLOCKS = YES;
				GCC_WARN_64_TO_32_BIT_CONVERSION = YES;
				GCC_WARN_ABOUT_RETURN_TYPE = YES_ERROR;
				GCC_WARN_UNDECLARED_SELECTOR = YES;
				GCC_WARN_UNINITIALIZED_AUTOS = YES_AGGRESSIVE;
				GCC_WARN_UNUSED_FUNCTION = YES;
				GCC_WARN_UNUSED_VARIABLE = YES;
				IPHONEOS_DEPLOYMENT_TARGET = 17.0;
				LOCALIZATION_PREFERS_STRING_CATALOGS = YES;
				MTL_ENABLE_DEBUG_INFO = NO;
				MTL_FAST_MATH = YES;
				SDKROOT = iphoneos;
				SWIFT_COMPILATION_MODE = wholemodule;
				VALIDATE_PRODUCT = YES;
			};
			name = Release;
		};
		FA342F4D2B5C112000FFC70A /* Debug */ = {
			isa = XCBuildConfiguration;
			buildSettings = {
				ASSETCATALOG_COMPILER_APPICON_NAME = AppIcon;
				ASSETCATALOG_COMPILER_GLOBAL_ACCENT_COLOR_NAME = AccentColor;
				CODE_SIGN_STYLE = Automatic;
				CURRENT_PROJECT_VERSION = 1;
				DEVELOPMENT_ASSET_PATHS = "\"CurrencyHub/Preview Content\"";
				DEVELOPMENT_TEAM = MD7V5M4R8C;
				ENABLE_PREVIEWS = YES;
				GENERATE_INFOPLIST_FILE = YES;
				INFOPLIST_KEY_CFBundleDisplayName = "Currency Hub";
				INFOPLIST_KEY_NSLocationAlwaysAndWhenInUseUsageDescription = "Разрешите доступ к геолокации для отображения на карте обменных пунктов.";
				INFOPLIST_KEY_NSLocationAlwaysUsageDescription = "Разрешите доступ к геолокации для отображения на карте обменных пунктов.";
				INFOPLIST_KEY_NSLocationWhenInUseUsageDescription = "Разрешите доступ к геолокации для отображения на карте обменных пунктов.";
				INFOPLIST_KEY_UIApplicationSceneManifest_Generation = YES;
				INFOPLIST_KEY_UIApplicationSupportsIndirectInputEvents = YES;
				INFOPLIST_KEY_UILaunchScreen_Generation = YES;
				INFOPLIST_KEY_UISupportedInterfaceOrientations = UIInterfaceOrientationPortrait;
				IPHONEOS_DEPLOYMENT_TARGET = 17.0;
				LD_RUNPATH_SEARCH_PATHS = (
					"$(inherited)",
					"@executable_path/Frameworks",
				);
				MARKETING_VERSION = 1.0;
				PRODUCT_BUNDLE_IDENTIFIER = self.edu.CurrencyHub;
				PRODUCT_NAME = "$(TARGET_NAME)";
				SWIFT_EMIT_LOC_STRINGS = YES;
				SWIFT_VERSION = 5.0;
				TARGETED_DEVICE_FAMILY = "1,2";
			};
			name = Debug;
		};
		FA342F4E2B5C112000FFC70A /* Release */ = {
			isa = XCBuildConfiguration;
			buildSettings = {
				ASSETCATALOG_COMPILER_APPICON_NAME = AppIcon;
				ASSETCATALOG_COMPILER_GLOBAL_ACCENT_COLOR_NAME = AccentColor;
				CODE_SIGN_STYLE = Automatic;
				CURRENT_PROJECT_VERSION = 1;
				DEVELOPMENT_ASSET_PATHS = "\"CurrencyHub/Preview Content\"";
				DEVELOPMENT_TEAM = MD7V5M4R8C;
				ENABLE_PREVIEWS = YES;
				GENERATE_INFOPLIST_FILE = YES;
				INFOPLIST_KEY_CFBundleDisplayName = "Currency Hub";
				INFOPLIST_KEY_NSLocationAlwaysAndWhenInUseUsageDescription = "Разрешите доступ к геолокации для отображения на карте обменных пунктов.";
				INFOPLIST_KEY_NSLocationAlwaysUsageDescription = "Разрешите доступ к геолокации для отображения на карте обменных пунктов.";
				INFOPLIST_KEY_NSLocationWhenInUseUsageDescription = "Разрешите доступ к геолокации для отображения на карте обменных пунктов.";
				INFOPLIST_KEY_UIApplicationSceneManifest_Generation = YES;
				INFOPLIST_KEY_UIApplicationSupportsIndirectInputEvents = YES;
				INFOPLIST_KEY_UILaunchScreen_Generation = YES;
				INFOPLIST_KEY_UISupportedInterfaceOrientations = UIInterfaceOrientationPortrait;
				IPHONEOS_DEPLOYMENT_TARGET = 17.0;
				LD_RUNPATH_SEARCH_PATHS = (
					"$(inherited)",
					"@executable_path/Frameworks",
				);
				MARKETING_VERSION = 1.0;
				PRODUCT_BUNDLE_IDENTIFIER = self.edu.CurrencyHub;
				PRODUCT_NAME = "$(TARGET_NAME)";
				SWIFT_EMIT_LOC_STRINGS = YES;
				SWIFT_VERSION = 5.0;
				TARGETED_DEVICE_FAMILY = "1,2";
			};
			name = Release;
		};
/* End XCBuildConfiguration section */

/* Begin XCConfigurationList section */
		FA342F392B5C111F00FFC70A /* Build configuration list for PBXProject "CurrencyHub" */ = {
			isa = XCConfigurationList;
			buildConfigurations = (
				FA342F4A2B5C112000FFC70A /* Debug */,
				FA342F4B2B5C112000FFC70A /* Release */,
			);
			defaultConfigurationIsVisible = 0;
			defaultConfigurationName = Release;
		};
		FA342F4C2B5C112000FFC70A /* Build configuration list for PBXNativeTarget "CurrencyHub" */ = {
			isa = XCConfigurationList;
			buildConfigurations = (
				FA342F4D2B5C112000FFC70A /* Debug */,
				FA342F4E2B5C112000FFC70A /* Release */,
			);
			defaultConfigurationIsVisible = 0;
			defaultConfigurationName = Release;
		};
/* End XCConfigurationList section */

/* Begin XCRemoteSwiftPackageReference section */
		FA342F602B5C1E2800FFC70A /* XCRemoteSwiftPackageReference "SwiftSoup" */ = {
			isa = XCRemoteSwiftPackageReference;
			repositoryURL = "https://github.com/scinfu/SwiftSoup";
			requirement = {
				kind = upToNextMajorVersion;
				minimumVersion = 2.7.0;
			};
		};
/* End XCRemoteSwiftPackageReference section */

/* Begin XCSwiftPackageProductDependency section */
		FA342F612B5C1E2800FFC70A /* SwiftSoup */ = {
			isa = XCSwiftPackageProductDependency;
			package = FA342F602B5C1E2800FFC70A /* XCRemoteSwiftPackageReference "SwiftSoup" */;
			productName = SwiftSoup;
		};
/* End XCSwiftPackageProductDependency section */
	};
	rootObject = FA342F362B5C111F00FFC70A /* Project object */;
}
